
Microsoft Visual Studio Solution File, Format Version 12.00
# Visual Studio Version 16
VisualStudioVersion = 16.0.29418.71
MinimumVisualStudioVersion = 10.0.40219.1
Project("{FAE04EC0-301F-11D3-BF4B-00C04F79EFBC}") = "IisHostService", "IisHostService\IisHostService.csproj", "{95CCBD96-0FDB-45B1-9434-10FFBCD40216}"
EndProject
Global
	GlobalSection(SolutionConfigurationPlatforms) = preSolution
		Debug|Any CPU = Debug|Any CPU
		Release|Any CPU = Release|Any CPU
	EndGlobalSection
	GlobalSection(ProjectConfigurationPlatforms) = postSolution
		{95CCBD96-0FDB-45B1-9434-10FFBCD40216}.Debug|Any CPU.ActiveCfg = Debug|Any CPU
		{95CCBD96-0FDB-45B1-9434-10FFBCD40216}.Debug|Any CPU.Build.0 = Debug|Any CPU
		{95CCBD96-0FDB-45B1-9434-10FFBCD40216}.Release|Any CPU.ActiveCfg = Release|Any CPU
		{95CCBD96-0FDB-45B1-9434-10FFBCD40216}.Release|Any CPU.Build.0 = Release|Any CPU
	EndGlobalSection
	GlobalSection(SolutionProperties) = preSolution
		HideSolutionNode = FALSE
	EndGlobalSection
	GlobalSection(ExtensibilityGlobals) = postSolution
		SolutionGuid = {F4D229DC-1E7F-45EE-BEEF-792994FE231B}
	EndGlobalSection
EndGlobal
